// !$*UTF8*$!
{
	archiveVersion = 1;
	classes = {
	};
	objectVersion = 55;
	objects = {

/* Begin PBXBuildFile section */
		CEA732E227C39B45005D5215 /* AppDelegate.swift in Sources */ = {isa = PBXBuildFile; fileRef = CEA732E127C39B45005D5215 /* AppDelegate.swift */; };
		CEA732E427C39B45005D5215 /* SceneDelegate.swift in Sources */ = {isa = PBXBuildFile; fileRef = CEA732E327C39B45005D5215 /* SceneDelegate.swift */; };
		CEA732E627C39B45005D5215 /* ReportsVC.swift in Sources */ = {isa = PBXBuildFile; fileRef = CEA732E527C39B45005D5215 /* ReportsVC.swift */; };
		CEA732E927C39B45005D5215 /* Main.storyboard in Resources */ = {isa = PBXBuildFile; fileRef = CEA732E727C39B45005D5215 /* Main.storyboard */; };
		CEA732EB27C39B47005D5215 /* Assets.xcassets in Resources */ = {isa = PBXBuildFile; fileRef = CEA732EA27C39B47005D5215 /* Assets.xcassets */; };
		CEA732EE27C39B47005D5215 /* LaunchScreen.storyboard in Resources */ = {isa = PBXBuildFile; fileRef = CEA732EC27C39B47005D5215 /* LaunchScreen.storyboard */; };
		CEA732F827C39BC7005D5215 /* TimeEntry.swift in Sources */ = {isa = PBXBuildFile; fileRef = CEA732F627C39BC7005D5215 /* TimeEntry.swift */; };
		CEA732F927C39BC7005D5215 /* Project.swift in Sources */ = {isa = PBXBuildFile; fileRef = CEA732F727C39BC7005D5215 /* Project.swift */; };
		CEA732FB27C3A572005D5215 /* EntriesVC.swift in Sources */ = {isa = PBXBuildFile; fileRef = CEA732FA27C3A572005D5215 /* EntriesVC.swift */; };
		CEA732FD27C3A5E0005D5215 /* ProjectsVC.swift in Sources */ = {isa = PBXBuildFile; fileRef = CEA732FC27C3A5E0005D5215 /* ProjectsVC.swift */; };
		CEA732FF27C3B460005D5215 /* EntryCell.swift in Sources */ = {isa = PBXBuildFile; fileRef = CEA732FE27C3B460005D5215 /* EntryCell.swift */; };
/* End PBXBuildFile section */

/* Begin PBXFileReference section */
		CEA732DE27C39B45005D5215 /* TogglClone.app */ = {isa = PBXFileReference; explicitFileType = wrapper.application; includeInIndex = 0; path = TogglClone.app; sourceTree = BUILT_PRODUCTS_DIR; };
		CEA732E127C39B45005D5215 /* AppDelegate.swift */ = {isa = PBXFileReference; lastKnownFileType = sourcecode.swift; path = AppDelegate.swift; sourceTree = "<group>"; };
		CEA732E327C39B45005D5215 /* SceneDelegate.swift */ = {isa = PBXFileReference; lastKnownFileType = sourcecode.swift; path = SceneDelegate.swift; sourceTree = "<group>"; };
		CEA732E527C39B45005D5215 /* ReportsVC.swift */ = {isa = PBXFileReference; lastKnownFileType = sourcecode.swift; path = ReportsVC.swift; sourceTree = "<group>"; };
		CEA732E827C39B45005D5215 /* Base */ = {isa = PBXFileReference; lastKnownFileType = file.storyboard; name = Base; path = Base.lproj/Main.storyboard; sourceTree = "<group>"; };
		CEA732EA27C39B47005D5215 /* Assets.xcassets */ = {isa = PBXFileReference; lastKnownFileType = folder.assetcatalog; path = Assets.xcassets; sourceTree = "<group>"; };
		CEA732ED27C39B47005D5215 /* Base */ = {isa = PBXFileReference; lastKnownFileType = file.storyboard; name = Base; path = Base.lproj/LaunchScreen.storyboard; sourceTree = "<group>"; };
		CEA732EF27C39B47005D5215 /* Info.plist */ = {isa = PBXFileReference; lastKnownFileType = text.plist.xml; path = Info.plist; sourceTree = "<group>"; };
		CEA732F627C39BC7005D5215 /* TimeEntry.swift */ = {isa = PBXFileReference; fileEncoding = 4; lastKnownFileType = sourcecode.swift; path = TimeEntry.swift; sourceTree = "<group>"; };
		CEA732F727C39BC7005D5215 /* Project.swift */ = {isa = PBXFileReference; fileEncoding = 4; lastKnownFileType = sourcecode.swift; path = Project.swift; sourceTree = "<group>"; };
		CEA732FA27C3A572005D5215 /* EntriesVC.swift */ = {isa = PBXFileReference; lastKnownFileType = sourcecode.swift; path = EntriesVC.swift; sourceTree = "<group>"; };
		CEA732FC27C3A5E0005D5215 /* ProjectsVC.swift */ = {isa = PBXFileReference; lastKnownFileType = sourcecode.swift; path = ProjectsVC.swift; sourceTree = "<group>"; };
		CEA732FE27C3B460005D5215 /* EntryCell.swift */ = {isa = PBXFileReference; lastKnownFileType = sourcecode.swift; path = EntryCell.swift; sourceTree = "<group>"; };
/* End PBXFileReference section */

/* Begin PBXFrameworksBuildPhase section */
		CEA732DB27C39B45005D5215 /* Frameworks */ = {
			isa = PBXFrameworksBuildPhase;
			buildActionMask = 2147483647;
			files = (
			);
			runOnlyForDeploymentPostprocessing = 0;
		};
/* End PBXFrameworksBuildPhase section */

/* Begin PBXGroup section */
		CEA732D527C39B45005D5215 = {
			isa = PBXGroup;
			children = (
				CEA732E027C39B45005D5215 /* TogglClone */,
				CEA732DF27C39B45005D5215 /* Products */,
			);
			sourceTree = "<group>";
		};
		CEA732DF27C39B45005D5215 /* Products */ = {
			isa = PBXGroup;
			children = (
				CEA732DE27C39B45005D5215 /* TogglClone.app */,
			);
			name = Products;
			sourceTree = "<group>";
		};
		CEA732E027C39B45005D5215 /* TogglClone */ = {
			isa = PBXGroup;
			children = (
				CEA732F527C39B9A005D5215 /* model */,
				CEA732E127C39B45005D5215 /* AppDelegate.swift */,
				CEA732E327C39B45005D5215 /* SceneDelegate.swift */,
				CEA732E527C39B45005D5215 /* ReportsVC.swift */,
				CEA732E727C39B45005D5215 /* Main.storyboard */,
				CEA732EA27C39B47005D5215 /* Assets.xcassets */,
				CEA732EC27C39B47005D5215 /* LaunchScreen.storyboard */,
				CEA732EF27C39B47005D5215 /* Info.plist */,
				CEA732FA27C3A572005D5215 /* EntriesVC.swift */,
				CEA732FC27C3A5E0005D5215 /* ProjectsVC.swift */,
				CEA732FE27C3B460005D5215 /* EntryCell.swift */,
			);
			path = TogglClone;
			sourceTree = "<group>";
		};
		CEA732F527C39B9A005D5215 /* model */ = {
			isa = PBXGroup;
			children = (
				CEA732F727C39BC7005D5215 /* Project.swift */,
				CEA732F627C39BC7005D5215 /* TimeEntry.swift */,
			);
			path = model;
			sourceTree = "<group>";
		};
/* End PBXGroup section */

/* Begin PBXNativeTarget section */
		CEA732DD27C39B45005D5215 /* TogglClone */ = {
			isa = PBXNativeTarget;
			buildConfigurationList = CEA732F227C39B47005D5215 /* Build configuration list for PBXNativeTarget "TogglClone" */;
			buildPhases = (
				CEA732DA27C39B45005D5215 /* Sources */,
				CEA732DB27C39B45005D5215 /* Frameworks */,
				CEA732DC27C39B45005D5215 /* Resources */,
			);
			buildRules = (
			);
			dependencies = (
			);
			name = TogglClone;
			productName = TogglClone;
			productReference = CEA732DE27C39B45005D5215 /* TogglClone.app */;
			productType = "com.apple.product-type.application";
		};
/* End PBXNativeTarget section */

/* Begin PBXProject section */
		CEA732D627C39B45005D5215 /* Project object */ = {
			isa = PBXProject;
			attributes = {
				BuildIndependentTargetsInParallel = 1;
				LastSwiftUpdateCheck = 1320;
				LastUpgradeCheck = 1320;
				TargetAttributes = {
					CEA732DD27C39B45005D5215 = {
						CreatedOnToolsVersion = 13.2.1;
					};
				};
			};
			buildConfigurationList = CEA732D927C39B45005D5215 /* Build configuration list for PBXProject "TogglClone" */;
			compatibilityVersion = "Xcode 13.0";
			developmentRegion = en;
			hasScannedForEncodings = 0;
			knownRegions = (
				en,
				Base,
			);
			mainGroup = CEA732D527C39B45005D5215;
			productRefGroup = CEA732DF27C39B45005D5215 /* Products */;
			projectDirPath = "";
			projectRoot = "";
			targets = (
				CEA732DD27C39B45005D5215 /* TogglClone */,
			);
		};
/* End PBXProject section */

/* Begin PBXResourcesBuildPhase section */
		CEA732DC27C39B45005D5215 /* Resources */ = {
			isa = PBXResourcesBuildPhase;
			buildActionMask = 2147483647;
			files = (
				CEA732EE27C39B47005D5215 /* LaunchScreen.storyboard in Resources */,
				CEA732EB27C39B47005D5215 /* Assets.xcassets in Resources */,
				CEA732E927C39B45005D5215 /* Main.storyboard in Resources */,
			);
			runOnlyForDeploymentPostprocessing = 0;
		};
/* End PBXResourcesBuildPhase section */

/* Begin PBXSourcesBuildPhase section */
		CEA732DA27C39B45005D5215 /* Sources */ = {
			isa = PBXSourcesBuildPhase;
			buildActionMask = 2147483647;
			files = (
				CEA732E627C39B45005D5215 /* ReportsVC.swift in Sources */,
				CEA732E227C39B45005D5215 /* AppDelegate.swift in Sources */,
				CEA732E427C39B45005D5215 /* SceneDelegate.swift in Sources */,
				CEA732F927C39BC7005D5215 /* Project.swift in Sources */,
				CEA732FF27C3B460005D5215 /* EntryCell.swift in Sources */,
				CEA732F827C39BC7005D5215 /* TimeEntry.swift in Sources */,
				CEA732FB27C3A572005D5215 /* EntriesVC.swift in Sources */,
				CEA732FD27C3A5E0005D5215 /* ProjectsVC.swift in Sources */,
			);
			runOnlyForDeploymentPostprocessing = 0;
		};
/* End PBXSourcesBuildPhase section */

/* Begin PBXVariantGroup section */
		CEA732E727C39B45005D5215 /* Main.storyboard */ = {
			isa = PBXVariantGroup;
			children = (
				CEA732E827C39B45005D5215 /* Base */,
			);
			name = Main.storyboard;
			sourceTree = "<group>";
		};
		CEA732EC27C39B47005D5215 /* LaunchScreen.storyboard */ = {
			isa = PBXVariantGroup;
			children = (
				CEA732ED27C39B47005D5215 /* Base */,
			);
			name = LaunchScreen.storyboard;
			sourceTree = "<group>";
		};
/* End PBXVariantGroup section */

/* Begin XCBuildConfiguration section */
		CEA732F027C39B47005D5215 /* Debug */ = {
			isa = XCBuildConfiguration;
			buildSettings = {
				ALWAYS_SEARCH_USER_PATHS = NO;
				CLANG_ANALYZER_NONNULL = YES;
				CLANG_ANALYZER_NUMBER_OBJECT_CONVERSION = YES_AGGRESSIVE;
				CLANG_CXX_LANGUAGE_STANDARD = "gnu++17";
				CLANG_CXX_LIBRARY = "libc++";
				CLANG_ENABLE_MODULES = YES;
				CLANG_ENABLE_OBJC_ARC = YES;
				CLANG_ENABLE_OBJC_WEAK = YES;
				CLANG_WARN_BLOCK_CAPTURE_AUTORELEASING = YES;
				CLANG_WARN_BOOL_CONVERSION = YES;
				CLANG_WARN_COMMA = YES;
				CLANG_WARN_CONSTANT_CONVERSION = YES;
				CLANG_WARN_DEPRECATED_OBJC_IMPLEMENTATIONS = YES;
				CLANG_WARN_DIRECT_OBJC_ISA_USAGE = YES_ERROR;
				CLANG_WARN_DOCUMENTATION_COMMENTS = YES;
				CLANG_WARN_EMPTY_BODY = YES;
				CLANG_WARN_ENUM_CONVERSION = YES;
				CLANG_WARN_INFINITE_RECURSION = YES;
				CLANG_WARN_INT_CONVERSION = YES;
				CLANG_WARN_NON_LITERAL_NULL_CONVERSION = YES;
				CLANG_WARN_OBJC_IMPLICIT_RETAIN_SELF = YES;
				CLANG_WARN_OBJC_LITERAL_CONVERSION = YES;
				CLANG_WARN_OBJC_ROOT_CLASS = YES_ERROR;
				CLANG_WARN_QUOTED_INCLUDE_IN_FRAMEWORK_HEADER = YES;
				CLANG_WARN_RANGE_LOOP_ANALYSIS = YES;
				CLANG_WARN_STRICT_PROTOTYPES = YES;
				CLANG_WARN_SUSPICIOUS_MOVE = YES;
				CLANG_WARN_UNGUARDED_AVAILABILITY = YES_AGGRESSIVE;
				CLANG_WARN_UNREACHABLE_CODE = YES;
				CLANG_WARN__DUPLICATE_METHOD_MATCH = YES;
				COPY_PHASE_STRIP = NO;
				DEBUG_INFORMATION_FORMAT = dwarf;
				ENABLE_STRICT_OBJC_MSGSEND = YES;
				ENABLE_TESTABILITY = YES;
				GCC_C_LANGUAGE_STANDARD = gnu11;
				GCC_DYNAMIC_NO_PIC = NO;
				GCC_NO_COMMON_BLOCKS = YES;
				GCC_OPTIMIZATION_LEVEL = 0;
				GCC_PREPROCESSOR_DEFINITIONS = (
					"DEBUG=1",
					"$(inherited)",
				);
				GCC_WARN_64_TO_32_BIT_CONVERSION = YES;
				GCC_WARN_ABOUT_RETURN_TYPE = YES_ERROR;
				GCC_WARN_UNDECLARED_SELECTOR = YES;
				GCC_WARN_UNINITIALIZED_AUTOS = YES_AGGRESSIVE;
				GCC_WARN_UNUSED_FUNCTION = YES;
				GCC_WARN_UNUSED_VARIABLE = YES;
				IPHONEOS_DEPLOYMENT_TARGET = 15.2;
				MTL_ENABLE_DEBUG_INFO = INCLUDE_SOURCE;
				MTL_FAST_MATH = YES;
				ONLY_ACTIVE_ARCH = YES;
				SDKROOT = iphoneos;
				SWIFT_ACTIVE_COMPILATION_CONDITIONS = DEBUG;
				SWIFT_OPTIMIZATION_LEVEL = "-Onone";
			};
			name = Debug;
		};
		CEA732F127C39B47005D5215 /* Release */ = {
			isa = XCBuildConfiguration;
			buildSettings = {
				ALWAYS_SEARCH_USER_PATHS = NO;
				CLANG_ANALYZER_NONNULL = YES;
				CLANG_ANALYZER_NUMBER_OBJECT_CONVERSION = YES_AGGRESSIVE;
				CLANG_CXX_LANGUAGE_STANDARD = "gnu++17";
				CLANG_CXX_LIBRARY = "libc++";
				CLANG_ENABLE_MODULES = YES;
				CLANG_ENABLE_OBJC_ARC = YES;
				CLANG_ENABLE_OBJC_WEAK = YES;
				CLANG_WARN_BLOCK_CAPTURE_AUTORELEASING = YES;
				CLANG_WARN_BOOL_CONVERSION = YES;
				CLANG_WARN_COMMA = YES;
				CLANG_WARN_CONSTANT_CONVERSION = YES;
				CLANG_WARN_DEPRECATED_OBJC_IMPLEMENTATIONS = YES;
				CLANG_WARN_DIRECT_OBJC_ISA_USAGE = YES_ERROR;
				CLANG_WARN_DOCUMENTATION_COMMENTS = YES;
				CLANG_WARN_EMPTY_BODY = YES;
				CLANG_WARN_ENUM_CONVERSION = YES;
				CLANG_WARN_INFINITE_RECURSION = YES;
				CLANG_WARN_INT_CONVERSION = YES;
				CLANG_WARN_NON_LITERAL_NULL_CONVERSION = YES;
				CLANG_WARN_OBJC_IMPLICIT_RETAIN_SELF = YES;
				CLANG_WARN_OBJC_LITERAL_CONVERSION = YES;
				CLANG_WARN_OBJC_ROOT_CLASS = YES_ERROR;
				CLANG_WARN_QUOTED_INCLUDE_IN_FRAMEWORK_HEADER = YES;
				CLANG_WARN_RANGE_LOOP_ANALYSIS = YES;
				CLANG_WARN_STRICT_PROTOTYPES = YES;
				CLANG_WARN_SUSPICIOUS_MOVE = YES;
				CLANG_WARN_UNGUARDED_AVAILABILITY = YES_AGGRESSIVE;
				CLANG_WARN_UNREACHABLE_CODE = YES;
				CLANG_WARN__DUPLICATE_METHOD_MATCH = YES;
				COPY_PHASE_STRIP = NO;
				DEBUG_INFORMATION_FORMAT = "dwarf-with-dsym";
				ENABLE_NS_ASSERTIONS = NO;
				ENABLE_STRICT_OBJC_MSGSEND = YES;
				GCC_C_LANGUAGE_STANDARD = gnu11;
				GCC_NO_COMMON_BLOCKS = YES;
				GCC_WARN_64_TO_32_BIT_CONVERSION = YES;
				GCC_WARN_ABOUT_RETURN_TYPE = YES_ERROR;
				GCC_WARN_UNDECLARED_SELECTOR = YES;
				GCC_WARN_UNINITIALIZED_AUTOS = YES_AGGRESSIVE;
				GCC_WARN_UNUSED_FUNCTION = YES;
				GCC_WARN_UNUSED_VARIABLE = YES;
				IPHONEOS_DEPLOYMENT_TARGET = 15.2;
				MTL_ENABLE_DEBUG_INFO = NO;
				MTL_FAST_MATH = YES;
				SDKROOT = iphoneos;
				SWIFT_COMPILATION_MODE = wholemodule;
				SWIFT_OPTIMIZATION_LEVEL = "-O";
				VALIDATE_PRODUCT = YES;
			};
			name = Release;
		};
		CEA732F327C39B47005D5215 /* Debug */ = {
			isa = XCBuildConfiguration;
			buildSettings = {
				ASSETCATALOG_COMPILER_APPICON_NAME = AppIcon;
				ASSETCATALOG_COMPILER_GLOBAL_ACCENT_COLOR_NAME = AccentColor;
				CODE_SIGN_STYLE = Automatic;
				CURRENT_PROJECT_VERSION = 1;
				GENERATE_INFOPLIST_FILE = YES;
				INFOPLIST_FILE = TogglClone/Info.plist;
				INFOPLIST_KEY_UIApplicationSupportsIndirectInputEvents = YES;
				INFOPLIST_KEY_UILaunchStoryboardName = LaunchScreen;
				INFOPLIST_KEY_UIMainStoryboardFile = Main;
				INFOPLIST_KEY_UISupportedInterfaceOrientations_iPad = "UIInterfaceOrientationPortrait UIInterfaceOrientationPortraitUpsideDown UIInterfaceOrientationLandscapeLeft UIInterfaceOrientationLandscapeRight";
				INFOPLIST_KEY_UISupportedInterfaceOrientations_iPhone = "UIInterfaceOrientationPortrait UIInterfaceOrientationLandscapeLeft UIInterfaceOrientationLandscapeRight";
				LD_RUNPATH_SEARCH_PATHS = (
					"$(inherited)",
					"@executable_path/Frameworks",
				);
				MARKETING_VERSION = 1.0;
				PRODUCT_BUNDLE_IDENTIFIER = com.alkhalij.TogglClone;
				PRODUCT_NAME = "$(TARGET_NAME)";
				SWIFT_EMIT_LOC_STRINGS = YES;
				SWIFT_VERSION = 5.0;
				TARGETED_DEVICE_FAMILY = "1,2";
			};
			name = Debug;
		};
		CEA732F427C39B47005D5215 /* Release */ = {
			isa = XCBuildConfiguration;
			buildSettings = {
				ASSETCATALOG_COMPILER_APPICON_NAME = AppIcon;
				ASSETCATALOG_COMPILER_GLOBAL_ACCENT_COLOR_NAME = AccentColor;
				CODE_SIGN_STYLE = Automatic;
				CURRENT_PROJECT_VERSION = 1;
				GENERATE_INFOPLIST_FILE = YES;
				INFOPLIST_FILE = TogglClone/Info.plist;
				INFOPLIST_KEY_UIApplicationSupportsIndirectInputEvents = YES;
				INFOPLIST_KEY_UILaunchStoryboardName = LaunchScreen;
				INFOPLIST_KEY_UIMainStoryboardFile = Main;
				INFOPLIST_KEY_UISupportedInterfaceOrientations_iPad = "UIInterfaceOrientationPortrait UIInterfaceOrientationPortraitUpsideDown UIInterfaceOrientationLandscapeLeft UIInterfaceOrientationLandscapeRight";
				INFOPLIST_KEY_UISupportedInterfaceOrientations_iPhone = "UIInterfaceOrientationPortrait UIInterfaceOrientationLandscapeLeft UIInterfaceOrientationLandscapeRight";
				LD_RUNPATH_SEARCH_PATHS = (
					"$(inherited)",
					"@executable_path/Frameworks",
				);
				MARKETING_VERSION = 1.0;
				PRODUCT_BUNDLE_IDENTIFIER = com.alkhalij.TogglClone;
				PRODUCT_NAME = "$(TARGET_NAME)";
				SWIFT_EMIT_LOC_STRINGS = YES;
				SWIFT_VERSION = 5.0;
				TARGETED_DEVICE_FAMILY = "1,2";
			};
			name = Release;
		};
/* End XCBuildConfiguration section */

/* Begin XCConfigurationList section */
		CEA732D927C39B45005D5215 /* Build configuration list for PBXProject "TogglClone" */ = {
			isa = XCConfigurationList;
			buildConfigurations = (
				CEA732F027C39B47005D5215 /* Debug */,
				CEA732F127C39B47005D5215 /* Release */,
			);
			defaultConfigurationIsVisible = 0;
			defaultConfigurationName = Release;
		};
		CEA732F227C39B47005D5215 /* Build configuration list for PBXNativeTarget "TogglClone" */ = {
			isa = XCConfigurationList;
			buildConfigurations = (
				CEA732F327C39B47005D5215 /* Debug */,
				CEA732F427C39B47005D5215 /* Release */,
			);
			defaultConfigurationIsVisible = 0;
			defaultConfigurationName = Release;
		};
/* End XCConfigurationList section */
	};
	rootObject = CEA732D627C39B45005D5215 /* Project object */;
}
